
Microsoft Visual Studio Solution File, Format Version 12.00
# Visual Studio Version 16
VisualStudioVersion = 16.0.29613.14
MinimumVisualStudioVersion = 10.0.40219.1
Project("{FAE04EC0-301F-11D3-BF4B-00C04F79EFBC}") = "HelloWorld", "HelloWorld\HelloWorld.csproj", "{4EC6D388-1A00-4D13-9BAD-7C51D7555B91}"
EndProject
Global
	GlobalSection(SolutionConfigurationPlatforms) = preSolution
		Debug|Any CPU = Debug|Any CPU
		Release|Any CPU = Release|Any CPU
	EndGlobalSection
	GlobalSection(ProjectConfigurationPlatforms) = postSolution
		{4EC6D388-1A00-4D13-9BAD-7C51D7555B91}.Debug|Any CPU.ActiveCfg = Debug|Any CPU
		{4EC6D388-1A00-4D13-9BAD-7C51D7555B91}.Debug|Any CPU.Build.0 = Debug|Any CPU
		{4EC6D388-1A00-4D13-9BAD-7C51D7555B91}.Release|Any CPU.ActiveCfg = Release|Any CPU
		{4EC6D388-1A00-4D13-9BAD-7C51D7555B91}.Release|Any CPU.Build.0 = Release|Any CPU
	EndGlobalSection
	GlobalSection(SolutionProperties) = preSolution
		HideSolutionNode = FALSE
	EndGlobalSection
	GlobalSection(ExtensibilityGlobals) = postSolution
		SolutionGuid = {63EB0638-78D5-404A-8816-11F9E3F118AC}
	EndGlobalSection
EndGlobal
